
Microsoft Visual Studio Solution File, Format Version 12.00
# Visual Studio Version 17
VisualStudioVersion = 17.8.34219.65
MinimumVisualStudioVersion = 10.0.40219.1
Project("{FAE04EC0-301F-11D3-BF4B-00C04F79EFBC}") = "HTTPMonitor", "HTTPMonitor.csproj", "{AACA1BD0-0E5A-45F9-AFDD-DBF47EB4AACE}"
EndProject
Global
	GlobalSection(SolutionConfigurationPlatforms) = preSolution
		Debug|Any CPU = Debug|Any CPU
		Release|Any CPU = Release|Any CPU
	EndGlobalSection
	GlobalSection(ProjectConfigurationPlatforms) = postSolution
		{AACA1BD0-0E5A-45F9-AFDD-DBF47EB4AACE}.Debug|Any CPU.ActiveCfg = Debug|Any CPU
		{AACA1BD0-0E5A-45F9-AFDD-DBF47EB4AACE}.Debug|Any CPU.Build.0 = Debug|Any CPU
		{AACA1BD0-0E5A-45F9-AFDD-DBF47EB4AACE}.Release|Any CPU.ActiveCfg = Release|Any CPU
		{AACA1BD0-0E5A-45F9-AFDD-DBF47EB4AACE}.Release|Any CPU.Build.0 = Release|Any CPU
	EndGlobalSection
	GlobalSection(SolutionProperties) = preSolution
		HideSolutionNode = FALSE
	EndGlobalSection
	GlobalSection(ExtensibilityGlobals) = postSolution
		SolutionGuid = {D7A4DEFE-3C49-4536-8A68-E59D283529B0}
	EndGlobalSection
EndGlobal
